
Microsoft Visual Studio Solution File, Format Version 12.00
# Visual Studio Version 17
VisualStudioVersion = 17.0.31903.59
MinimumVisualStudioVersion = 10.0.40219.1
Project("{FAE04EC0-301F-11D3-BF4B-00C04F79EFBC}") = "ibsCompiler", "ibsCompiler\ibsCompiler.csproj", "{72E46F38-63A5-47EE-A5A2-FEAFF5CD440B}"
EndProject
Project("{FAE04EC0-301F-11D3-BF4B-00C04F79EFBC}") = "runsql", "runsql\runsql.csproj", "{67EE566D-C259-4806-BE78-94252F4CDFE6}"
EndProject
Project("{FAE04EC0-301F-11D3-BF4B-00C04F79EFBC}") = "isqlline", "isqlline\isqlline.csproj", "{D485FB66-1096-4442-8264-6C393DB70C4E}"
EndProject
Project("{FAE04EC0-301F-11D3-BF4B-00C04F79EFBC}") = "runcreate", "runcreate\runcreate.csproj", "{0D22745F-1B8E-4CAB-876C-A443D2FF1DE4}"
EndProject
Project("{FAE04EC0-301F-11D3-BF4B-00C04F79EFBC}") = "set_profile", "set_profile\set_profile.csproj", "{CF47B97E-3256-4823-9D42-36E67606AE14}"
EndProject
Project("{FAE04EC0-301F-11D3-BF4B-00C04F79EFBC}") = "eact", "eact\eact.csproj", "{E9AB3E5A-156C-4A16-9A4C-187FAE7407EE}"
EndProject
Project("{FAE04EC0-301F-11D3-BF4B-00C04F79EFBC}") = "eopt", "eopt\eopt.csproj", "{787222E3-C173-44C6-B2CB-661E10A542F2}"
EndProject
Project("{FAE04EC0-301F-11D3-BF4B-00C04F79EFBC}") = "eloc", "eloc\eloc.csproj", "{3049D65F-3402-488E-9C2A-BCBFAAC75737}"
EndProject
Project("{FAE04EC0-301F-11D3-BF4B-00C04F79EFBC}") = "compile_msg", "compile_msg\compile_msg.csproj", "{4E4AC29B-8265-4000-A2EE-2CBDBB15C8E2}"
EndProject
Project("{FAE04EC0-301F-11D3-BF4B-00C04F79EFBC}") = "compile_required_fields", "compile_required_fields\compile_required_fields.csproj", "{E9364C3D-52A0-42C4-A119-9AC518300DD8}"
EndProject
Project("{FAE04EC0-301F-11D3-BF4B-00C04F79EFBC}") = "i_run_upgrade", "i_run_upgrade\i_run_upgrade.csproj", "{12A2EFA2-8A99-42C0-9B50-80CAC488174C}"
EndProject
Project("{FAE04EC0-301F-11D3-BF4B-00C04F79EFBC}") = "transfer_data", "transfer_data\transfer_data.csproj", "{D3DF5FCF-5A9C-41AF-B750-B1455D14812E}"
EndProject
Project("{FAE04EC0-301F-11D3-BF4B-00C04F79EFBC}") = "bcp_data", "bcp_data\bcp_data.csproj", "{21D3E91A-DE6E-4C42-9367-CA2ABFBC8B9A}"
EndProject
Project("{FAE04EC0-301F-11D3-BF4B-00C04F79EFBC}") = "iplan", "iplan\iplan.csproj", "{8FB9CFF0-0DCD-4718-917A-420671107F99}"
EndProject
Project("{FAE04EC0-301F-11D3-BF4B-00C04F79EFBC}") = "iplanext", "iplanext\iplanext.csproj", "{9B619A39-C249-46DC-ACC6-E8519C38ACFB}"
EndProject
Project("{FAE04EC0-301F-11D3-BF4B-00C04F79EFBC}") = "iwho", "iwho\iwho.csproj", "{2773FB31-3B79-483C-B61D-E9E057766021}"
EndProject
Project("{FAE04EC0-301F-11D3-BF4B-00C04F79EFBC}") = "iwatch", "iwatch\iwatch.csproj", "{A3B4C5D6-E7F8-9012-ABCD-EF0123456789}"
EndProject
Project("{FAE04EC0-301F-11D3-BF4B-00C04F79EFBC}") = "extract_msg", "extract_msg\extract_msg.csproj", "{FF219BEB-865B-4B5C-ABA5-0F96BCB19387}"
EndProject
Project("{FAE04EC0-301F-11D3-BF4B-00C04F79EFBC}") = "set_actions", "set_actions\set_actions.csproj", "{4DBEEC8E-22E6-47AF-948B-80C3E341426F}"
EndProject
Project("{FAE04EC0-301F-11D3-BF4B-00C04F79EFBC}") = "set_table_locations", "set_table_locations\set_table_locations.csproj", "{7510CB78-C40F-4B6D-89D8-ECEB5E3814EC}"
EndProject
Project("{FAE04EC0-301F-11D3-BF4B-00C04F79EFBC}") = "set_options", "set_options\set_options.csproj", "{86186F6A-2D74-4E8A-B5B4-D8BB8B937B7B}"
EndProject
Project("{FAE04EC0-301F-11D3-BF4B-00C04F79EFBC}") = "set_messages", "set_messages\set_messages.csproj", "{9F4BDD2C-8C9A-4B14-97D4-520B04AB9240}"
EndProject
Project("{FAE04EC0-301F-11D3-BF4B-00C04F79EFBC}") = "set_required_fields", "set_required_fields\set_required_fields.csproj", "{23152B13-FD79-4E7A-A069-1EA4B76C6ACB}"
EndProject
Global
	GlobalSection(SolutionConfigurationPlatforms) = preSolution
		Debug|Any CPU = Debug|Any CPU
		Debug|x64 = Debug|x64
		Debug|x86 = Debug|x86
		Release|Any CPU = Release|Any CPU
		Release|x64 = Release|x64
		Release|x86 = Release|x86
	EndGlobalSection
	GlobalSection(ProjectConfigurationPlatforms) = postSolution
		{72E46F38-63A5-47EE-A5A2-FEAFF5CD440B}.Debug|Any CPU.ActiveCfg = Debug|Any CPU
		{72E46F38-63A5-47EE-A5A2-FEAFF5CD440B}.Debug|Any CPU.Build.0 = Debug|Any CPU
		{72E46F38-63A5-47EE-A5A2-FEAFF5CD440B}.Debug|x64.ActiveCfg = Debug|Any CPU
		{72E46F38-63A5-47EE-A5A2-FEAFF5CD440B}.Debug|x64.Build.0 = Debug|Any CPU
		{72E46F38-63A5-47EE-A5A2-FEAFF5CD440B}.Debug|x86.ActiveCfg = Debug|Any CPU
		{72E46F38-63A5-47EE-A5A2-FEAFF5CD440B}.Debug|x86.Build.0 = Debug|Any CPU
		{72E46F38-63A5-47EE-A5A2-FEAFF5CD440B}.Release|Any CPU.ActiveCfg = Release|Any CPU
		{72E46F38-63A5-47EE-A5A2-FEAFF5CD440B}.Release|Any CPU.Build.0 = Release|Any CPU
		{72E46F38-63A5-47EE-A5A2-FEAFF5CD440B}.Release|x64.ActiveCfg = Release|Any CPU
		{72E46F38-63A5-47EE-A5A2-FEAFF5CD440B}.Release|x64.Build.0 = Release|Any CPU
		{72E46F38-63A5-47EE-A5A2-FEAFF5CD440B}.Release|x86.ActiveCfg = Release|Any CPU
		{72E46F38-63A5-47EE-A5A2-FEAFF5CD440B}.Release|x86.Build.0 = Release|Any CPU
		{67EE566D-C259-4806-BE78-94252F4CDFE6}.Debug|Any CPU.ActiveCfg = Debug|Any CPU
		{67EE566D-C259-4806-BE78-94252F4CDFE6}.Debug|Any CPU.Build.0 = Debug|Any CPU
		{67EE566D-C259-4806-BE78-94252F4CDFE6}.Debug|x64.ActiveCfg = Debug|Any CPU
		{67EE566D-C259-4806-BE78-94252F4CDFE6}.Debug|x64.Build.0 = Debug|Any CPU
		{67EE566D-C259-4806-BE78-94252F4CDFE6}.Debug|x86.ActiveCfg = Debug|Any CPU
		{67EE566D-C259-4806-BE78-94252F4CDFE6}.Debug|x86.Build.0 = Debug|Any CPU
		{67EE566D-C259-4806-BE78-94252F4CDFE6}.Release|Any CPU.ActiveCfg = Release|Any CPU
		{67EE566D-C259-4806-BE78-94252F4CDFE6}.Release|Any CPU.Build.0 = Release|Any CPU
		{67EE566D-C259-4806-BE78-94252F4CDFE6}.Release|x64.ActiveCfg = Release|Any CPU
		{67EE566D-C259-4806-BE78-94252F4CDFE6}.Release|x64.Build.0 = Release|Any CPU
		{67EE566D-C259-4806-BE78-94252F4CDFE6}.Release|x86.ActiveCfg = Release|Any CPU
		{67EE566D-C259-4806-BE78-94252F4CDFE6}.Release|x86.Build.0 = Release|Any CPU
		{D485FB66-1096-4442-8264-6C393DB70C4E}.Debug|Any CPU.ActiveCfg = Debug|Any CPU
		{D485FB66-1096-4442-8264-6C393DB70C4E}.Debug|Any CPU.Build.0 = Debug|Any CPU
		{D485FB66-1096-4442-8264-6C393DB70C4E}.Debug|x64.ActiveCfg = Debug|Any CPU
		{D485FB66-1096-4442-8264-6C393DB70C4E}.Debug|x64.Build.0 = Debug|Any CPU
		{D485FB66-1096-4442-8264-6C393DB70C4E}.Debug|x86.ActiveCfg = Debug|Any CPU
		{D485FB66-1096-4442-8264-6C393DB70C4E}.Debug|x86.Build.0 = Debug|Any CPU
		{D485FB66-1096-4442-8264-6C393DB70C4E}.Release|Any CPU.ActiveCfg = Release|Any CPU
		{D485FB66-1096-4442-8264-6C393DB70C4E}.Release|Any CPU.Build.0 = Release|Any CPU
		{D485FB66-1096-4442-8264-6C393DB70C4E}.Release|x64.ActiveCfg = Release|Any CPU
		{D485FB66-1096-4442-8264-6C393DB70C4E}.Release|x64.Build.0 = Release|Any CPU
		{D485FB66-1096-4442-8264-6C393DB70C4E}.Release|x86.ActiveCfg = Release|Any CPU
		{D485FB66-1096-4442-8264-6C393DB70C4E}.Release|x86.Build.0 = Release|Any CPU
		{0D22745F-1B8E-4CAB-876C-A443D2FF1DE4}.Debug|Any CPU.ActiveCfg = Debug|Any CPU
		{0D22745F-1B8E-4CAB-876C-A443D2FF1DE4}.Debug|Any CPU.Build.0 = Debug|Any CPU
		{0D22745F-1B8E-4CAB-876C-A443D2FF1DE4}.Debug|x64.ActiveCfg = Debug|Any CPU
		{0D22745F-1B8E-4CAB-876C-A443D2FF1DE4}.Debug|x64.Build.0 = Debug|Any CPU
		{0D22745F-1B8E-4CAB-876C-A443D2FF1DE4}.Debug|x86.ActiveCfg = Debug|Any CPU
		{0D22745F-1B8E-4CAB-876C-A443D2FF1DE4}.Debug|x86.Build.0 = Debug|Any CPU
		{0D22745F-1B8E-4CAB-876C-A443D2FF1DE4}.Release|Any CPU.ActiveCfg = Release|Any CPU
		{0D22745F-1B8E-4CAB-876C-A443D2FF1DE4}.Release|Any CPU.Build.0 = Release|Any CPU
		{0D22745F-1B8E-4CAB-876C-A443D2FF1DE4}.Release|x64.ActiveCfg = Release|Any CPU
		{0D22745F-1B8E-4CAB-876C-A443D2FF1DE4}.Release|x64.Build.0 = Release|Any CPU
		{0D22745F-1B8E-4CAB-876C-A443D2FF1DE4}.Release|x86.ActiveCfg = Release|Any CPU
		{0D22745F-1B8E-4CAB-876C-A443D2FF1DE4}.Release|x86.Build.0 = Release|Any CPU
		{CF47B97E-3256-4823-9D42-36E67606AE14}.Debug|Any CPU.ActiveCfg = Debug|Any CPU
		{CF47B97E-3256-4823-9D42-36E67606AE14}.Debug|Any CPU.Build.0 = Debug|Any CPU
		{CF47B97E-3256-4823-9D42-36E67606AE14}.Debug|x64.ActiveCfg = Debug|Any CPU
		{CF47B97E-3256-4823-9D42-36E67606AE14}.Debug|x64.Build.0 = Debug|Any CPU
		{CF47B97E-3256-4823-9D42-36E67606AE14}.Debug|x86.ActiveCfg = Debug|Any CPU
		{CF47B97E-3256-4823-9D42-36E67606AE14}.Debug|x86.Build.0 = Debug|Any CPU
		{CF47B97E-3256-4823-9D42-36E67606AE14}.Release|Any CPU.ActiveCfg = Release|Any CPU
		{CF47B97E-3256-4823-9D42-36E67606AE14}.Release|Any CPU.Build.0 = Release|Any CPU
		{CF47B97E-3256-4823-9D42-36E67606AE14}.Release|x64.ActiveCfg = Release|Any CPU
		{CF47B97E-3256-4823-9D42-36E67606AE14}.Release|x64.Build.0 = Release|Any CPU
		{CF47B97E-3256-4823-9D42-36E67606AE14}.Release|x86.ActiveCfg = Release|Any CPU
		{CF47B97E-3256-4823-9D42-36E67606AE14}.Release|x86.Build.0 = Release|Any CPU
		{E9AB3E5A-156C-4A16-9A4C-187FAE7407EE}.Debug|Any CPU.ActiveCfg = Debug|Any CPU
		{E9AB3E5A-156C-4A16-9A4C-187FAE7407EE}.Debug|Any CPU.Build.0 = Debug|Any CPU
		{E9AB3E5A-156C-4A16-9A4C-187FAE7407EE}.Debug|x64.ActiveCfg = Debug|Any CPU
		{E9AB3E5A-156C-4A16-9A4C-187FAE7407EE}.Debug|x64.Build.0 = Debug|Any CPU
		{E9AB3E5A-156C-4A16-9A4C-187FAE7407EE}.Debug|x86.ActiveCfg = Debug|Any CPU
		{E9AB3E5A-156C-4A16-9A4C-187FAE7407EE}.Debug|x86.Build.0 = Debug|Any CPU
		{E9AB3E5A-156C-4A16-9A4C-187FAE7407EE}.Release|Any CPU.ActiveCfg = Release|Any CPU
		{E9AB3E5A-156C-4A16-9A4C-187FAE7407EE}.Release|Any CPU.Build.0 = Release|Any CPU
		{E9AB3E5A-156C-4A16-9A4C-187FAE7407EE}.Release|x64.ActiveCfg = Release|Any CPU
		{E9AB3E5A-156C-4A16-9A4C-187FAE7407EE}.Release|x64.Build.0 = Release|Any CPU
		{E9AB3E5A-156C-4A16-9A4C-187FAE7407EE}.Release|x86.ActiveCfg = Release|Any CPU
		{E9AB3E5A-156C-4A16-9A4C-187FAE7407EE}.Release|x86.Build.0 = Release|Any CPU
		{787222E3-C173-44C6-B2CB-661E10A542F2}.Debug|Any CPU.ActiveCfg = Debug|Any CPU
		{787222E3-C173-44C6-B2CB-661E10A542F2}.Debug|Any CPU.Build.0 = Debug|Any CPU
		{787222E3-C173-44C6-B2CB-661E10A542F2}.Debug|x64.ActiveCfg = Debug|Any CPU
		{787222E3-C173-44C6-B2CB-661E10A542F2}.Debug|x64.Build.0 = Debug|Any CPU
		{787222E3-C173-44C6-B2CB-661E10A542F2}.Debug|x86.ActiveCfg = Debug|Any CPU
		{787222E3-C173-44C6-B2CB-661E10A542F2}.Debug|x86.Build.0 = Debug|Any CPU
		{787222E3-C173-44C6-B2CB-661E10A542F2}.Release|Any CPU.ActiveCfg = Release|Any CPU
		{787222E3-C173-44C6-B2CB-661E10A542F2}.Release|Any CPU.Build.0 = Release|Any CPU
		{787222E3-C173-44C6-B2CB-661E10A542F2}.Release|x64.ActiveCfg = Release|Any CPU
		{787222E3-C173-44C6-B2CB-661E10A542F2}.Release|x64.Build.0 = Release|Any CPU
		{787222E3-C173-44C6-B2CB-661E10A542F2}.Release|x86.ActiveCfg = Release|Any CPU
		{787222E3-C173-44C6-B2CB-661E10A542F2}.Release|x86.Build.0 = Release|Any CPU
		{3049D65F-3402-488E-9C2A-BCBFAAC75737}.Debug|Any CPU.ActiveCfg = Debug|Any CPU
		{3049D65F-3402-488E-9C2A-BCBFAAC75737}.Debug|Any CPU.Build.0 = Debug|Any CPU
		{3049D65F-3402-488E-9C2A-BCBFAAC75737}.Debug|x64.ActiveCfg = Debug|Any CPU
		{3049D65F-3402-488E-9C2A-BCBFAAC75737}.Debug|x64.Build.0 = Debug|Any CPU
		{3049D65F-3402-488E-9C2A-BCBFAAC75737}.Debug|x86.ActiveCfg = Debug|Any CPU
		{3049D65F-3402-488E-9C2A-BCBFAAC75737}.Debug|x86.Build.0 = Debug|Any CPU
		{3049D65F-3402-488E-9C2A-BCBFAAC75737}.Release|Any CPU.ActiveCfg = Release|Any CPU
		{3049D65F-3402-488E-9C2A-BCBFAAC75737}.Release|Any CPU.Build.0 = Release|Any CPU
		{3049D65F-3402-488E-9C2A-BCBFAAC75737}.Release|x64.ActiveCfg = Release|Any CPU
		{3049D65F-3402-488E-9C2A-BCBFAAC75737}.Release|x64.Build.0 = Release|Any CPU
		{3049D65F-3402-488E-9C2A-BCBFAAC75737}.Release|x86.ActiveCfg = Release|Any CPU
		{3049D65F-3402-488E-9C2A-BCBFAAC75737}.Release|x86.Build.0 = Release|Any CPU
		{4E4AC29B-8265-4000-A2EE-2CBDBB15C8E2}.Debug|Any CPU.ActiveCfg = Debug|Any CPU
		{4E4AC29B-8265-4000-A2EE-2CBDBB15C8E2}.Debug|Any CPU.Build.0 = Debug|Any CPU
		{4E4AC29B-8265-4000-A2EE-2CBDBB15C8E2}.Debug|x64.ActiveCfg = Debug|Any CPU
		{4E4AC29B-8265-4000-A2EE-2CBDBB15C8E2}.Debug|x64.Build.0 = Debug|Any CPU
		{4E4AC29B-8265-4000-A2EE-2CBDBB15C8E2}.Debug|x86.ActiveCfg = Debug|Any CPU
		{4E4AC29B-8265-4000-A2EE-2CBDBB15C8E2}.Debug|x86.Build.0 = Debug|Any CPU
		{4E4AC29B-8265-4000-A2EE-2CBDBB15C8E2}.Release|Any CPU.ActiveCfg = Release|Any CPU
		{4E4AC29B-8265-4000-A2EE-2CBDBB15C8E2}.Release|Any CPU.Build.0 = Release|Any CPU
		{4E4AC29B-8265-4000-A2EE-2CBDBB15C8E2}.Release|x64.ActiveCfg = Release|Any CPU
		{4E4AC29B-8265-4000-A2EE-2CBDBB15C8E2}.Release|x64.Build.0 = Release|Any CPU
		{4E4AC29B-8265-4000-A2EE-2CBDBB15C8E2}.Release|x86.ActiveCfg = Release|Any CPU
		{4E4AC29B-8265-4000-A2EE-2CBDBB15C8E2}.Release|x86.Build.0 = Release|Any CPU
		{E9364C3D-52A0-42C4-A119-9AC518300DD8}.Debug|Any CPU.ActiveCfg = Debug|Any CPU
		{E9364C3D-52A0-42C4-A119-9AC518300DD8}.Debug|Any CPU.Build.0 = Debug|Any CPU
		{E9364C3D-52A0-42C4-A119-9AC518300DD8}.Debug|x64.ActiveCfg = Debug|Any CPU
		{E9364C3D-52A0-42C4-A119-9AC518300DD8}.Debug|x64.Build.0 = Debug|Any CPU
		{E9364C3D-52A0-42C4-A119-9AC518300DD8}.Debug|x86.ActiveCfg = Debug|Any CPU
		{E9364C3D-52A0-42C4-A119-9AC518300DD8}.Debug|x86.Build.0 = Debug|Any CPU
		{E9364C3D-52A0-42C4-A119-9AC518300DD8}.Release|Any CPU.ActiveCfg = Release|Any CPU
		{E9364C3D-52A0-42C4-A119-9AC518300DD8}.Release|Any CPU.Build.0 = Release|Any CPU
		{E9364C3D-52A0-42C4-A119-9AC518300DD8}.Release|x64.ActiveCfg = Release|Any CPU
		{E9364C3D-52A0-42C4-A119-9AC518300DD8}.Release|x64.Build.0 = Release|Any CPU
		{E9364C3D-52A0-42C4-A119-9AC518300DD8}.Release|x86.ActiveCfg = Release|Any CPU
		{E9364C3D-52A0-42C4-A119-9AC518300DD8}.Release|x86.Build.0 = Release|Any CPU
		{12A2EFA2-8A99-42C0-9B50-80CAC488174C}.Debug|Any CPU.ActiveCfg = Debug|Any CPU
		{12A2EFA2-8A99-42C0-9B50-80CAC488174C}.Debug|Any CPU.Build.0 = Debug|Any CPU
		{12A2EFA2-8A99-42C0-9B50-80CAC488174C}.Debug|x64.ActiveCfg = Debug|Any CPU
		{12A2EFA2-8A99-42C0-9B50-80CAC488174C}.Debug|x64.Build.0 = Debug|Any CPU
		{12A2EFA2-8A99-42C0-9B50-80CAC488174C}.Debug|x86.ActiveCfg = Debug|Any CPU
		{12A2EFA2-8A99-42C0-9B50-80CAC488174C}.Debug|x86.Build.0 = Debug|Any CPU
		{12A2EFA2-8A99-42C0-9B50-80CAC488174C}.Release|Any CPU.ActiveCfg = Release|Any CPU
		{12A2EFA2-8A99-42C0-9B50-80CAC488174C}.Release|Any CPU.Build.0 = Release|Any CPU
		{12A2EFA2-8A99-42C0-9B50-80CAC488174C}.Release|x64.ActiveCfg = Release|Any CPU
		{12A2EFA2-8A99-42C0-9B50-80CAC488174C}.Release|x64.Build.0 = Release|Any CPU
		{12A2EFA2-8A99-42C0-9B50-80CAC488174C}.Release|x86.ActiveCfg = Release|Any CPU
		{12A2EFA2-8A99-42C0-9B50-80CAC488174C}.Release|x86.Build.0 = Release|Any CPU
		{D3DF5FCF-5A9C-41AF-B750-B1455D14812E}.Debug|Any CPU.ActiveCfg = Debug|Any CPU
		{D3DF5FCF-5A9C-41AF-B750-B1455D14812E}.Debug|Any CPU.Build.0 = Debug|Any CPU
		{D3DF5FCF-5A9C-41AF-B750-B1455D14812E}.Debug|x64.ActiveCfg = Debug|Any CPU
		{D3DF5FCF-5A9C-41AF-B750-B1455D14812E}.Debug|x64.Build.0 = Debug|Any CPU
		{D3DF5FCF-5A9C-41AF-B750-B1455D14812E}.Debug|x86.ActiveCfg = Debug|Any CPU
		{D3DF5FCF-5A9C-41AF-B750-B1455D14812E}.Debug|x86.Build.0 = Debug|Any CPU
		{D3DF5FCF-5A9C-41AF-B750-B1455D14812E}.Release|Any CPU.ActiveCfg = Release|Any CPU
		{D3DF5FCF-5A9C-41AF-B750-B1455D14812E}.Release|Any CPU.Build.0 = Release|Any CPU
		{D3DF5FCF-5A9C-41AF-B750-B1455D14812E}.Release|x64.ActiveCfg = Release|Any CPU
		{D3DF5FCF-5A9C-41AF-B750-B1455D14812E}.Release|x64.Build.0 = Release|Any CPU
		{D3DF5FCF-5A9C-41AF-B750-B1455D14812E}.Release|x86.ActiveCfg = Release|Any CPU
		{D3DF5FCF-5A9C-41AF-B750-B1455D14812E}.Release|x86.Build.0 = Release|Any CPU
		{21D3E91A-DE6E-4C42-9367-CA2ABFBC8B9A}.Debug|Any CPU.ActiveCfg = Debug|Any CPU
		{21D3E91A-DE6E-4C42-9367-CA2ABFBC8B9A}.Debug|Any CPU.Build.0 = Debug|Any CPU
		{21D3E91A-DE6E-4C42-9367-CA2ABFBC8B9A}.Debug|x64.ActiveCfg = Debug|Any CPU
		{21D3E91A-DE6E-4C42-9367-CA2ABFBC8B9A}.Debug|x64.Build.0 = Debug|Any CPU
		{21D3E91A-DE6E-4C42-9367-CA2ABFBC8B9A}.Debug|x86.ActiveCfg = Debug|Any CPU
		{21D3E91A-DE6E-4C42-9367-CA2ABFBC8B9A}.Debug|x86.Build.0 = Debug|Any CPU
		{21D3E91A-DE6E-4C42-9367-CA2ABFBC8B9A}.Release|Any CPU.ActiveCfg = Release|Any CPU
		{21D3E91A-DE6E-4C42-9367-CA2ABFBC8B9A}.Release|Any CPU.Build.0 = Release|Any CPU
		{21D3E91A-DE6E-4C42-9367-CA2ABFBC8B9A}.Release|x64.ActiveCfg = Release|Any CPU
		{21D3E91A-DE6E-4C42-9367-CA2ABFBC8B9A}.Release|x64.Build.0 = Release|Any CPU
		{21D3E91A-DE6E-4C42-9367-CA2ABFBC8B9A}.Release|x86.ActiveCfg = Release|Any CPU
		{21D3E91A-DE6E-4C42-9367-CA2ABFBC8B9A}.Release|x86.Build.0 = Release|Any CPU
		{8FB9CFF0-0DCD-4718-917A-420671107F99}.Debug|Any CPU.ActiveCfg = Debug|Any CPU
		{8FB9CFF0-0DCD-4718-917A-420671107F99}.Debug|Any CPU.Build.0 = Debug|Any CPU
		{8FB9CFF0-0DCD-4718-917A-420671107F99}.Debug|x64.ActiveCfg = Debug|Any CPU
		{8FB9CFF0-0DCD-4718-917A-420671107F99}.Debug|x64.Build.0 = Debug|Any CPU
		{8FB9CFF0-0DCD-4718-917A-420671107F99}.Debug|x86.ActiveCfg = Debug|Any CPU
		{8FB9CFF0-0DCD-4718-917A-420671107F99}.Debug|x86.Build.0 = Debug|Any CPU
		{8FB9CFF0-0DCD-4718-917A-420671107F99}.Release|Any CPU.ActiveCfg = Release|Any CPU
		{8FB9CFF0-0DCD-4718-917A-420671107F99}.Release|Any CPU.Build.0 = Release|Any CPU
		{8FB9CFF0-0DCD-4718-917A-420671107F99}.Release|x64.ActiveCfg = Release|Any CPU
		{8FB9CFF0-0DCD-4718-917A-420671107F99}.Release|x64.Build.0 = Release|Any CPU
		{8FB9CFF0-0DCD-4718-917A-420671107F99}.Release|x86.ActiveCfg = Release|Any CPU
		{8FB9CFF0-0DCD-4718-917A-420671107F99}.Release|x86.Build.0 = Release|Any CPU
		{9B619A39-C249-46DC-ACC6-E8519C38ACFB}.Debug|Any CPU.ActiveCfg = Debug|Any CPU
		{9B619A39-C249-46DC-ACC6-E8519C38ACFB}.Debug|Any CPU.Build.0 = Debug|Any CPU
		{9B619A39-C249-46DC-ACC6-E8519C38ACFB}.Debug|x64.ActiveCfg = Debug|Any CPU
		{9B619A39-C249-46DC-ACC6-E8519C38ACFB}.Debug|x64.Build.0 = Debug|Any CPU
		{9B619A39-C249-46DC-ACC6-E8519C38ACFB}.Debug|x86.ActiveCfg = Debug|Any CPU
		{9B619A39-C249-46DC-ACC6-E8519C38ACFB}.Debug|x86.Build.0 = Debug|Any CPU
		{9B619A39-C249-46DC-ACC6-E8519C38ACFB}.Release|Any CPU.ActiveCfg = Release|Any CPU
		{9B619A39-C249-46DC-ACC6-E8519C38ACFB}.Release|Any CPU.Build.0 = Release|Any CPU
		{9B619A39-C249-46DC-ACC6-E8519C38ACFB}.Release|x64.ActiveCfg = Release|Any CPU
		{9B619A39-C249-46DC-ACC6-E8519C38ACFB}.Release|x64.Build.0 = Release|Any CPU
		{9B619A39-C249-46DC-ACC6-E8519C38ACFB}.Release|x86.ActiveCfg = Release|Any CPU
		{9B619A39-C249-46DC-ACC6-E8519C38ACFB}.Release|x86.Build.0 = Release|Any CPU
		{2773FB31-3B79-483C-B61D-E9E057766021}.Debug|Any CPU.ActiveCfg = Debug|Any CPU
		{2773FB31-3B79-483C-B61D-E9E057766021}.Debug|Any CPU.Build.0 = Debug|Any CPU
		{2773FB31-3B79-483C-B61D-E9E057766021}.Debug|x64.ActiveCfg = Debug|Any CPU
		{2773FB31-3B79-483C-B61D-E9E057766021}.Debug|x64.Build.0 = Debug|Any CPU
		{2773FB31-3B79-483C-B61D-E9E057766021}.Debug|x86.ActiveCfg = Debug|Any CPU
		{2773FB31-3B79-483C-B61D-E9E057766021}.Debug|x86.Build.0 = Debug|Any CPU
		{2773FB31-3B79-483C-B61D-E9E057766021}.Release|Any CPU.ActiveCfg = Release|Any CPU
		{2773FB31-3B79-483C-B61D-E9E057766021}.Release|Any CPU.Build.0 = Release|Any CPU
		{2773FB31-3B79-483C-B61D-E9E057766021}.Release|x64.ActiveCfg = Release|Any CPU
		{2773FB31-3B79-483C-B61D-E9E057766021}.Release|x64.Build.0 = Release|Any CPU
		{2773FB31-3B79-483C-B61D-E9E057766021}.Release|x86.ActiveCfg = Release|Any CPU
		{2773FB31-3B79-483C-B61D-E9E057766021}.Release|x86.Build.0 = Release|Any CPU
		{FF219BEB-865B-4B5C-ABA5-0F96BCB19387}.Debug|Any CPU.ActiveCfg = Debug|Any CPU
		{FF219BEB-865B-4B5C-ABA5-0F96BCB19387}.Debug|Any CPU.Build.0 = Debug|Any CPU
		{FF219BEB-865B-4B5C-ABA5-0F96BCB19387}.Debug|x64.ActiveCfg = Debug|Any CPU
		{FF219BEB-865B-4B5C-ABA5-0F96BCB19387}.Debug|x64.Build.0 = Debug|Any CPU
		{FF219BEB-865B-4B5C-ABA5-0F96BCB19387}.Debug|x86.ActiveCfg = Debug|Any CPU
		{FF219BEB-865B-4B5C-ABA5-0F96BCB19387}.Debug|x86.Build.0 = Debug|Any CPU
		{FF219BEB-865B-4B5C-ABA5-0F96BCB19387}.Release|Any CPU.ActiveCfg = Release|Any CPU
		{FF219BEB-865B-4B5C-ABA5-0F96BCB19387}.Release|Any CPU.Build.0 = Release|Any CPU
		{FF219BEB-865B-4B5C-ABA5-0F96BCB19387}.Release|x64.ActiveCfg = Release|Any CPU
		{FF219BEB-865B-4B5C-ABA5-0F96BCB19387}.Release|x64.Build.0 = Release|Any CPU
		{FF219BEB-865B-4B5C-ABA5-0F96BCB19387}.Release|x86.ActiveCfg = Release|Any CPU
		{FF219BEB-865B-4B5C-ABA5-0F96BCB19387}.Release|x86.Build.0 = Release|Any CPU
{4DBEEC8E-22E6-47AF-948B-80C3E341426F}.Debug|Any CPU.ActiveCfg = Debug|Any CPU
		{4DBEEC8E-22E6-47AF-948B-80C3E341426F}.Debug|Any CPU.Build.0 = Debug|Any CPU
		{4DBEEC8E-22E6-47AF-948B-80C3E341426F}.Debug|x64.ActiveCfg = Debug|Any CPU
		{4DBEEC8E-22E6-47AF-948B-80C3E341426F}.Debug|x64.Build.0 = Debug|Any CPU
		{4DBEEC8E-22E6-47AF-948B-80C3E341426F}.Debug|x86.ActiveCfg = Debug|Any CPU
		{4DBEEC8E-22E6-47AF-948B-80C3E341426F}.Debug|x86.Build.0 = Debug|Any CPU
		{4DBEEC8E-22E6-47AF-948B-80C3E341426F}.Release|Any CPU.ActiveCfg = Release|Any CPU
		{4DBEEC8E-22E6-47AF-948B-80C3E341426F}.Release|Any CPU.Build.0 = Release|Any CPU
		{4DBEEC8E-22E6-47AF-948B-80C3E341426F}.Release|x64.ActiveCfg = Release|Any CPU
		{4DBEEC8E-22E6-47AF-948B-80C3E341426F}.Release|x64.Build.0 = Release|Any CPU
		{4DBEEC8E-22E6-47AF-948B-80C3E341426F}.Release|x86.ActiveCfg = Release|Any CPU
		{4DBEEC8E-22E6-47AF-948B-80C3E341426F}.Release|x86.Build.0 = Release|Any CPU
		{7510CB78-C40F-4B6D-89D8-ECEB5E3814EC}.Debug|Any CPU.ActiveCfg = Debug|Any CPU
		{7510CB78-C40F-4B6D-89D8-ECEB5E3814EC}.Debug|Any CPU.Build.0 = Debug|Any CPU
		{7510CB78-C40F-4B6D-89D8-ECEB5E3814EC}.Debug|x64.ActiveCfg = Debug|Any CPU
		{7510CB78-C40F-4B6D-89D8-ECEB5E3814EC}.Debug|x64.Build.0 = Debug|Any CPU
		{7510CB78-C40F-4B6D-89D8-ECEB5E3814EC}.Debug|x86.ActiveCfg = Debug|Any CPU
		{7510CB78-C40F-4B6D-89D8-ECEB5E3814EC}.Debug|x86.Build.0 = Debug|Any CPU
		{7510CB78-C40F-4B6D-89D8-ECEB5E3814EC}.Release|Any CPU.ActiveCfg = Release|Any CPU
		{7510CB78-C40F-4B6D-89D8-ECEB5E3814EC}.Release|Any CPU.Build.0 = Release|Any CPU
		{7510CB78-C40F-4B6D-89D8-ECEB5E3814EC}.Release|x64.ActiveCfg = Release|Any CPU
		{7510CB78-C40F-4B6D-89D8-ECEB5E3814EC}.Release|x64.Build.0 = Release|Any CPU
		{7510CB78-C40F-4B6D-89D8-ECEB5E3814EC}.Release|x86.ActiveCfg = Release|Any CPU
		{7510CB78-C40F-4B6D-89D8-ECEB5E3814EC}.Release|x86.Build.0 = Release|Any CPU
		{86186F6A-2D74-4E8A-B5B4-D8BB8B937B7B}.Debug|Any CPU.ActiveCfg = Debug|Any CPU
		{86186F6A-2D74-4E8A-B5B4-D8BB8B937B7B}.Debug|Any CPU.Build.0 = Debug|Any CPU
		{86186F6A-2D74-4E8A-B5B4-D8BB8B937B7B}.Debug|x64.ActiveCfg = Debug|Any CPU
		{86186F6A-2D74-4E8A-B5B4-D8BB8B937B7B}.Debug|x64.Build.0 = Debug|Any CPU
		{86186F6A-2D74-4E8A-B5B4-D8BB8B937B7B}.Debug|x86.ActiveCfg = Debug|Any CPU
		{86186F6A-2D74-4E8A-B5B4-D8BB8B937B7B}.Debug|x86.Build.0 = Debug|Any CPU
		{86186F6A-2D74-4E8A-B5B4-D8BB8B937B7B}.Release|Any CPU.ActiveCfg = Release|Any CPU
		{86186F6A-2D74-4E8A-B5B4-D8BB8B937B7B}.Release|Any CPU.Build.0 = Release|Any CPU
		{86186F6A-2D74-4E8A-B5B4-D8BB8B937B7B}.Release|x64.ActiveCfg = Release|Any CPU
		{86186F6A-2D74-4E8A-B5B4-D8BB8B937B7B}.Release|x64.Build.0 = Release|Any CPU
		{86186F6A-2D74-4E8A-B5B4-D8BB8B937B7B}.Release|x86.ActiveCfg = Release|Any CPU
		{86186F6A-2D74-4E8A-B5B4-D8BB8B937B7B}.Release|x86.Build.0 = Release|Any CPU
		{9F4BDD2C-8C9A-4B14-97D4-520B04AB9240}.Debug|Any CPU.ActiveCfg = Debug|Any CPU
		{9F4BDD2C-8C9A-4B14-97D4-520B04AB9240}.Debug|Any CPU.Build.0 = Debug|Any CPU
		{9F4BDD2C-8C9A-4B14-97D4-520B04AB9240}.Debug|x64.ActiveCfg = Debug|Any CPU
		{9F4BDD2C-8C9A-4B14-97D4-520B04AB9240}.Debug|x64.Build.0 = Debug|Any CPU
		{9F4BDD2C-8C9A-4B14-97D4-520B04AB9240}.Debug|x86.ActiveCfg = Debug|Any CPU
		{9F4BDD2C-8C9A-4B14-97D4-520B04AB9240}.Debug|x86.Build.0 = Debug|Any CPU
		{9F4BDD2C-8C9A-4B14-97D4-520B04AB9240}.Release|Any CPU.ActiveCfg = Release|Any CPU
		{9F4BDD2C-8C9A-4B14-97D4-520B04AB9240}.Release|Any CPU.Build.0 = Release|Any CPU
		{9F4BDD2C-8C9A-4B14-97D4-520B04AB9240}.Release|x64.ActiveCfg = Release|Any CPU
		{9F4BDD2C-8C9A-4B14-97D4-520B04AB9240}.Release|x64.Build.0 = Release|Any CPU
		{9F4BDD2C-8C9A-4B14-97D4-520B04AB9240}.Release|x86.ActiveCfg = Release|Any CPU
		{9F4BDD2C-8C9A-4B14-97D4-520B04AB9240}.Release|x86.Build.0 = Release|Any CPU
		{23152B13-FD79-4E7A-A069-1EA4B76C6ACB}.Debug|Any CPU.ActiveCfg = Debug|Any CPU
		{23152B13-FD79-4E7A-A069-1EA4B76C6ACB}.Debug|Any CPU.Build.0 = Debug|Any CPU
		{23152B13-FD79-4E7A-A069-1EA4B76C6ACB}.Debug|x64.ActiveCfg = Debug|Any CPU
		{23152B13-FD79-4E7A-A069-1EA4B76C6ACB}.Debug|x64.Build.0 = Debug|Any CPU
		{23152B13-FD79-4E7A-A069-1EA4B76C6ACB}.Debug|x86.ActiveCfg = Debug|Any CPU
		{23152B13-FD79-4E7A-A069-1EA4B76C6ACB}.Debug|x86.Build.0 = Debug|Any CPU
		{23152B13-FD79-4E7A-A069-1EA4B76C6ACB}.Release|Any CPU.ActiveCfg = Release|Any CPU
		{23152B13-FD79-4E7A-A069-1EA4B76C6ACB}.Release|Any CPU.Build.0 = Release|Any CPU
		{23152B13-FD79-4E7A-A069-1EA4B76C6ACB}.Release|x64.ActiveCfg = Release|Any CPU
		{23152B13-FD79-4E7A-A069-1EA4B76C6ACB}.Release|x64.Build.0 = Release|Any CPU
		{23152B13-FD79-4E7A-A069-1EA4B76C6ACB}.Release|x86.ActiveCfg = Release|Any CPU
		{23152B13-FD79-4E7A-A069-1EA4B76C6ACB}.Release|x86.Build.0 = Release|Any CPU
		{A3B4C5D6-E7F8-9012-ABCD-EF0123456789}.Debug|Any CPU.ActiveCfg = Debug|Any CPU
		{A3B4C5D6-E7F8-9012-ABCD-EF0123456789}.Debug|Any CPU.Build.0 = Debug|Any CPU
		{A3B4C5D6-E7F8-9012-ABCD-EF0123456789}.Debug|x64.ActiveCfg = Debug|Any CPU
		{A3B4C5D6-E7F8-9012-ABCD-EF0123456789}.Debug|x64.Build.0 = Debug|Any CPU
		{A3B4C5D6-E7F8-9012-ABCD-EF0123456789}.Debug|x86.ActiveCfg = Debug|Any CPU
		{A3B4C5D6-E7F8-9012-ABCD-EF0123456789}.Debug|x86.Build.0 = Debug|Any CPU
		{A3B4C5D6-E7F8-9012-ABCD-EF0123456789}.Release|Any CPU.ActiveCfg = Release|Any CPU
		{A3B4C5D6-E7F8-9012-ABCD-EF0123456789}.Release|Any CPU.Build.0 = Release|Any CPU
		{A3B4C5D6-E7F8-9012-ABCD-EF0123456789}.Release|x64.ActiveCfg = Release|Any CPU
		{A3B4C5D6-E7F8-9012-ABCD-EF0123456789}.Release|x64.Build.0 = Release|Any CPU
		{A3B4C5D6-E7F8-9012-ABCD-EF0123456789}.Release|x86.ActiveCfg = Release|Any CPU
		{A3B4C5D6-E7F8-9012-ABCD-EF0123456789}.Release|x86.Build.0 = Release|Any CPU
	EndGlobalSection
	GlobalSection(SolutionProperties) = preSolution
		HideSolutionNode = FALSE
	EndGlobalSection
EndGlobal
